
Microsoft Visual Studio Solution File, Format Version 12.00
# Visual Studio 15
VisualStudioVersion = 15.0.27703.2026
MinimumVisualStudioVersion = 10.0.40219.1
Project("{FAE04EC0-301F-11D3-BF4B-00C04F79EFBC}") = "simpletst", "simpletst\simpletst.csproj", "{920F09EC-6557-42D0-B831-08863E9B8F94}"
EndProject
Global
	GlobalSection(SolutionConfigurationPlatforms) = preSolution
		Debug|Any CPU = Debug|Any CPU
		Release|Any CPU = Release|Any CPU
	EndGlobalSection
	GlobalSection(ProjectConfigurationPlatforms) = postSolution
		{920F09EC-6557-42D0-B831-08863E9B8F94}.Debug|Any CPU.ActiveCfg = Debug|Any CPU
		{920F09EC-6557-42D0-B831-08863E9B8F94}.Debug|Any CPU.Build.0 = Debug|Any CPU
		{920F09EC-6557-42D0-B831-08863E9B8F94}.Release|Any CPU.ActiveCfg = Release|Any CPU
		{920F09EC-6557-42D0-B831-08863E9B8F94}.Release|Any CPU.Build.0 = Release|Any CPU
	EndGlobalSection
	GlobalSection(SolutionProperties) = preSolution
		HideSolutionNode = FALSE
	EndGlobalSection
	GlobalSection(ExtensibilityGlobals) = postSolution
		SolutionGuid = {E45D0B72-77EC-47B6-90A7-893F695FCAA5}
	EndGlobalSection
EndGlobal
